# This file is automatically @generated by Cargo.
# It is not intended for manual editing.
version = 3

[[package]]
name = "bit-set"
version = "0.6.0"
source = "registry+https://github.com/rust-lang/crates.io-index"
checksum = "f0481a0e032742109b1133a095184ee93d88f3dc9e0d28a5d033dc77a073f44f"
dependencies = [
 "bit-vec",
]

[[package]]
name = "bit-vec"
version = "0.7.0"
source = "registry+https://github.com/rust-lang/crates.io-index"
checksum = "d2c54ff287cfc0a34f38a6b832ea1bd8e448a330b3e40a50859e6488bee07f22"

[[package]]
name = "loupe"
version = "0.1.0"
dependencies = [
 "bit-set",
]
